
Microsoft Visual Studio Solution File, Format Version 12.00
# Visual Studio Version 17
VisualStudioVersion = 17.8.34309.116
MinimumVisualStudioVersion = 10.0.40219.1
Project("{8BC9CEB8-8B4A-11D0-8D11-00A0C91BC942}") = "DisMat-MinBoolFunc", "DisMat-MinBoolFunc\DisMat-MinBoolFunc.vcxproj", "{A6E689FE-9292-4CC2-970D-797BE469E7D3}"
EndProject
Project("{8BC9CEB8-8B4A-11D0-8D11-00A0C91BC942}") = "MicroTex", "MicroTex\MicroTex.vcxproj", "{74D33E56-5E5E-4C8F-8A07-EA872494FEEA}"
EndProject
Global
	GlobalSection(SolutionConfigurationPlatforms) = preSolution
		Debug|x64 = Debug|x64
		Debug|x86 = Debug|x86
		Release|x64 = Release|x64
		Release|x86 = Release|x86
	EndGlobalSection
	GlobalSection(ProjectConfigurationPlatforms) = postSolution
		{A6E689FE-9292-4CC2-970D-797BE469E7D3}.Debug|x64.ActiveCfg = Debug|x64
		{A6E689FE-9292-4CC2-970D-797BE469E7D3}.Debug|x64.Build.0 = Debug|x64
		{A6E689FE-9292-4CC2-970D-797BE469E7D3}.Debug|x86.ActiveCfg = Debug|Win32
		{A6E689FE-9292-4CC2-970D-797BE469E7D3}.Debug|x86.Build.0 = Debug|Win32
		{A6E689FE-9292-4CC2-970D-797BE469E7D3}.Release|x64.ActiveCfg = Release|x64
		{A6E689FE-9292-4CC2-970D-797BE469E7D3}.Release|x64.Build.0 = Release|x64
		{A6E689FE-9292-4CC2-970D-797BE469E7D3}.Release|x86.ActiveCfg = Release|Win32
		{A6E689FE-9292-4CC2-970D-797BE469E7D3}.Release|x86.Build.0 = Release|Win32
		{74D33E56-5E5E-4C8F-8A07-EA872494FEEA}.Debug|x64.ActiveCfg = Debug|x64
		{74D33E56-5E5E-4C8F-8A07-EA872494FEEA}.Debug|x64.Build.0 = Debug|x64
		{74D33E56-5E5E-4C8F-8A07-EA872494FEEA}.Debug|x86.ActiveCfg = Debug|Win32
		{74D33E56-5E5E-4C8F-8A07-EA872494FEEA}.Debug|x86.Build.0 = Debug|Win32
		{74D33E56-5E5E-4C8F-8A07-EA872494FEEA}.Release|x64.ActiveCfg = Release|x64
		{74D33E56-5E5E-4C8F-8A07-EA872494FEEA}.Release|x64.Build.0 = Release|x64
		{74D33E56-5E5E-4C8F-8A07-EA872494FEEA}.Release|x86.ActiveCfg = Release|Win32
		{74D33E56-5E5E-4C8F-8A07-EA872494FEEA}.Release|x86.Build.0 = Release|Win32
	EndGlobalSection
	GlobalSection(SolutionProperties) = preSolution
		HideSolutionNode = FALSE
	EndGlobalSection
	GlobalSection(ExtensibilityGlobals) = postSolution
		SolutionGuid = {71F9B668-F533-4B9A-B60D-E8632DA8AAF0}
	EndGlobalSection
EndGlobal
