<?xml version="1.0" encoding="utf-8"?>
<Project ToolsVersion="4.0" xmlns="http://schemas.microsoft.com/developer/msbuild/2003">
  <ItemGroup>
    <Filter Include="Source Files">
      <UniqueIdentifier>{4FC737F1-C7A5-4376-A066-2A32D752A2FF}</UniqueIdentifier>
      <Extensions>cpp;c;cc;cxx;c++;cppm;ixx;def;odl;idl;hpj;bat;asm;asmx</Extensions>
    </Filter>
    <Filter Include="Header Files">
      <UniqueIdentifier>{93995380-89BD-4b04-88EB-625FBE52EBFB}</UniqueIdentifier>
      <Extensions>h;hh;hpp;hxx;h++;hm;inl;inc;ipp;xsd</Extensions>
    </Filter>
    <Filter Include="Resource Files">
      <UniqueIdentifier>{67DA6AB6-F800-4c08-8B7A-83BB121AAD01}</UniqueIdentifier>
      <Extensions>rc;ico;cur;bmp;dlg;rc2;rct;bin;rgs;gif;jpg;jpeg;jpe;resx;tiff;tif;png;wav;mfcribbon-ms</Extensions>
    </Filter>
  </ItemGroup>
  <ItemGroup>
    <ClInclude Include="src\atom\atom.h">
      <Filter>Header Files</Filter>
    </ClInclude>
    <ClInclude Include="src\atom\atom_basic.h">
      <Filter>Header Files</Filter>
    </ClInclude>
    <ClInclude Include="src\atom\atom_char.h">
      <Filter>Header Files</Filter>
    </ClInclude>
    <ClInclude Include="src\atom\atom_impl.h">
      <Filter>Header Files</Filter>
    </ClInclude>
    <ClInclude Include="src\atom\atom_matrix.h">
      <Filter>Header Files</Filter>
    </ClInclude>
    <ClInclude Include="src\atom\atom_row.h">
      <Filter>Header Files</Filter>
    </ClInclude>
    <ClInclude Include="src\atom\atom_space.h">
      <Filter>Header Files</Filter>
    </ClInclude>
    <ClInclude Include="src\box\box.h">
      <Filter>Header Files</Filter>
    </ClInclude>
    <ClInclude Include="src\box\box_factory.h">
      <Filter>Header Files</Filter>
    </ClInclude>
    <ClInclude Include="src\box\box_group.h">
      <Filter>Header Files</Filter>
    </ClInclude>
    <ClInclude Include="src\box\box_single.h">
      <Filter>Header Files</Filter>
    </ClInclude>
    <ClInclude Include="src\core\core.h">
      <Filter>Header Files</Filter>
    </ClInclude>
    <ClInclude Include="src\core\formula.h">
      <Filter>Header Files</Filter>
    </ClInclude>
    <ClInclude Include="src\core\glue.h">
      <Filter>Header Files</Filter>
    </ClInclude>
    <ClInclude Include="src\core\macro.h">
      <Filter>Header Files</Filter>
    </ClInclude>
    <ClInclude Include="src\core\macro_impl.h">
      <Filter>Header Files</Filter>
    </ClInclude>
    <ClInclude Include="src\core\parser.h">
      <Filter>Header Files</Filter>
    </ClInclude>
    <ClInclude Include="src\fonts\alphabet.h">
      <Filter>Header Files</Filter>
    </ClInclude>
    <ClInclude Include="src\fonts\font_basic.h">
      <Filter>Header Files</Filter>
    </ClInclude>
    <ClInclude Include="src\fonts\font_info.h">
      <Filter>Header Files</Filter>
    </ClInclude>
    <ClInclude Include="src\fonts\font_reg.h">
      <Filter>Header Files</Filter>
    </ClInclude>
    <ClInclude Include="src\fonts\fonts.h">
      <Filter>Header Files</Filter>
    </ClInclude>
    <ClInclude Include="src\fonts\symbol_reg.h">
      <Filter>Header Files</Filter>
    </ClInclude>
    <ClInclude Include="src\fonts\tex_font.h">
      <Filter>Header Files</Filter>
    </ClInclude>
    <ClInclude Include="src\graphic\graphic.h">
      <Filter>Header Files</Filter>
    </ClInclude>
    <ClInclude Include="src\graphic\graphic_basic.h">
      <Filter>Header Files</Filter>
    </ClInclude>
    <ClInclude Include="src\res\parser\font_parser.h">
      <Filter>Header Files</Filter>
    </ClInclude>
    <ClInclude Include="src\res\parser\formula_parser.h">
      <Filter>Header Files</Filter>
    </ClInclude>
    <ClInclude Include="src\res\reg\builtin_font_reg.h">
      <Filter>Header Files</Filter>
    </ClInclude>
    <ClInclude Include="src\res\reg\builtin_syms_reg.h">
      <Filter>Header Files</Filter>
    </ClInclude>
    <ClInclude Include="src\utils\dict_tree.h">
      <Filter>Header Files</Filter>
    </ClInclude>
    <ClInclude Include="src\utils\enums.h">
      <Filter>Header Files</Filter>
    </ClInclude>
    <ClInclude Include="src\utils\exceptions.h">
      <Filter>Header Files</Filter>
    </ClInclude>
    <ClInclude Include="src\utils\indexed_arr.h">
      <Filter>Header Files</Filter>
    </ClInclude>
    <ClInclude Include="src\utils\log.h">
      <Filter>Header Files</Filter>
    </ClInclude>
    <ClInclude Include="src\utils\nums.h">
      <Filter>Header Files</Filter>
    </ClInclude>
    <ClInclude Include="src\utils\string_utils.h">
      <Filter>Header Files</Filter>
    </ClInclude>
    <ClInclude Include="src\utils\utf.h">
      <Filter>Header Files</Filter>
    </ClInclude>
    <ClInclude Include="src\utils\utils.h">
      <Filter>Header Files</Filter>
    </ClInclude>
    <ClInclude Include="src\platform\imgui\graphic_imgui.h">
      <Filter>Header Files</Filter>
    </ClInclude>
  </ItemGroup>
  <ItemGroup>
    <ClCompile Include="src\atom\atom_impl.cpp">
      <Filter>Source Files</Filter>
    </ClCompile>
    <ClCompile Include="src\atom\atom_matrix.cpp">
      <Filter>Source Files</Filter>
    </ClCompile>
    <ClCompile Include="src\atom\atom_row.cpp">
      <Filter>Source Files</Filter>
    </ClCompile>
    <ClCompile Include="src\atom\atom_space.cpp">
      <Filter>Source Files</Filter>
    </ClCompile>
    <ClCompile Include="src\atom\colors_def.cpp">
      <Filter>Source Files</Filter>
    </ClCompile>
    <ClCompile Include="src\atom\unit_conversion.cpp">
      <Filter>Source Files</Filter>
    </ClCompile>
    <ClCompile Include="src\box\box.cpp">
      <Filter>Source Files</Filter>
    </ClCompile>
    <ClCompile Include="src\box\box_factory.cpp">
      <Filter>Source Files</Filter>
    </ClCompile>
    <ClCompile Include="src\box\box_group.cpp">
      <Filter>Source Files</Filter>
    </ClCompile>
    <ClCompile Include="src\box\box_single.cpp">
      <Filter>Source Files</Filter>
    </ClCompile>
    <ClCompile Include="src\core\core.cpp">
      <Filter>Source Files</Filter>
    </ClCompile>
    <ClCompile Include="src\core\formula_def.cpp">
      <Filter>Source Files</Filter>
    </ClCompile>
    <ClCompile Include="src\core\glue.cpp">
      <Filter>Source Files</Filter>
    </ClCompile>
    <ClCompile Include="src\core\localized_num.cpp">
      <Filter>Source Files</Filter>
    </ClCompile>
    <ClCompile Include="src\core\macro.cpp">
      <Filter>Source Files</Filter>
    </ClCompile>
    <ClCompile Include="src\core\macro_def.cpp">
      <Filter>Source Files</Filter>
    </ClCompile>
    <ClCompile Include="src\core\macro_impl.cpp">
      <Filter>Source Files</Filter>
    </ClCompile>
    <ClCompile Include="src\core\parser.cpp">
      <Filter>Source Files</Filter>
    </ClCompile>
    <ClCompile Include="src\fonts\alphabet.cpp">
      <Filter>Source Files</Filter>
    </ClCompile>
    <ClCompile Include="src\fonts\font_basic.cpp">
      <Filter>Source Files</Filter>
    </ClCompile>
    <ClCompile Include="src\fonts\font_info.cpp">
      <Filter>Source Files</Filter>
    </ClCompile>
    <ClCompile Include="src\fonts\fonts.cpp">
      <Filter>Source Files</Filter>
    </ClCompile>
    <ClCompile Include="src\res\builtin\formula_mappings.res.cpp">
      <Filter>Source Files</Filter>
    </ClCompile>
    <ClCompile Include="src\res\builtin\symbol_mapping.res.cpp">
      <Filter>Source Files</Filter>
    </ClCompile>
    <ClCompile Include="src\res\builtin\tex_param.res.cpp">
      <Filter>Source Files</Filter>
    </ClCompile>
    <ClCompile Include="src\res\builtin\tex_symbols.res.cpp">
      <Filter>Source Files</Filter>
    </ClCompile>
    <ClCompile Include="src\res\font\bi10.def.cpp">
      <Filter>Source Files</Filter>
    </ClCompile>
    <ClCompile Include="src\res\font\bx10.def.cpp">
      <Filter>Source Files</Filter>
    </ClCompile>
    <ClCompile Include="src\res\font\cmbsy10.def.cpp">
      <Filter>Source Files</Filter>
    </ClCompile>
    <ClCompile Include="src\res\font\cmbx10.def.cpp">
      <Filter>Source Files</Filter>
    </ClCompile>
    <ClCompile Include="src\res\font\cmbxti10.def.cpp">
      <Filter>Source Files</Filter>
    </ClCompile>
    <ClCompile Include="src\res\font\cmex10.def.cpp">
      <Filter>Source Files</Filter>
    </ClCompile>
    <ClCompile Include="src\res\font\cmmi10.def.cpp">
      <Filter>Source Files</Filter>
    </ClCompile>
    <ClCompile Include="src\res\font\cmmi10_unchanged.def.cpp">
      <Filter>Source Files</Filter>
    </ClCompile>
    <ClCompile Include="src\res\font\cmmib10.def.cpp">
      <Filter>Source Files</Filter>
    </ClCompile>
    <ClCompile Include="src\res\font\cmmib10_unchanged.def.cpp">
      <Filter>Source Files</Filter>
    </ClCompile>
    <ClCompile Include="src\res\font\cmr10.def.cpp">
      <Filter>Source Files</Filter>
    </ClCompile>
    <ClCompile Include="src\res\font\cmss10.def.cpp">
      <Filter>Source Files</Filter>
    </ClCompile>
    <ClCompile Include="src\res\font\cmssbx10.def.cpp">
      <Filter>Source Files</Filter>
    </ClCompile>
    <ClCompile Include="src\res\font\cmssi10.def.cpp">
      <Filter>Source Files</Filter>
    </ClCompile>
    <ClCompile Include="src\res\font\cmsy10.def.cpp">
      <Filter>Source Files</Filter>
    </ClCompile>
    <ClCompile Include="src\res\font\cmti10.def.cpp">
      <Filter>Source Files</Filter>
    </ClCompile>
    <ClCompile Include="src\res\font\cmti10_unchanged.def.cpp">
      <Filter>Source Files</Filter>
    </ClCompile>
    <ClCompile Include="src\res\font\cmtt10.def.cpp">
      <Filter>Source Files</Filter>
    </ClCompile>
    <ClCompile Include="src\res\font\dsrom10.def.cpp">
      <Filter>Source Files</Filter>
    </ClCompile>
    <ClCompile Include="src\res\font\eufb10.def.cpp">
      <Filter>Source Files</Filter>
    </ClCompile>
    <ClCompile Include="src\res\font\eufm10.def.cpp">
      <Filter>Source Files</Filter>
    </ClCompile>
    <ClCompile Include="src\res\font\i10.def.cpp">
      <Filter>Source Files</Filter>
    </ClCompile>
    <ClCompile Include="src\res\font\moustache.def.cpp">
      <Filter>Source Files</Filter>
    </ClCompile>
    <ClCompile Include="src\res\font\msam10.def.cpp">
      <Filter>Source Files</Filter>
    </ClCompile>
    <ClCompile Include="src\res\font\msbm10.def.cpp">
      <Filter>Source Files</Filter>
    </ClCompile>
    <ClCompile Include="src\res\font\r10.def.cpp">
      <Filter>Source Files</Filter>
    </ClCompile>
    <ClCompile Include="src\res\font\r10_unchanged.def.cpp">
      <Filter>Source Files</Filter>
    </ClCompile>
    <ClCompile Include="src\res\font\rsfs10.def.cpp">
      <Filter>Source Files</Filter>
    </ClCompile>
    <ClCompile Include="src\res\font\sb10.def.cpp">
      <Filter>Source Files</Filter>
    </ClCompile>
    <ClCompile Include="src\res\font\sbi10.def.cpp">
      <Filter>Source Files</Filter>
    </ClCompile>
    <ClCompile Include="src\res\font\si10.def.cpp">
      <Filter>Source Files</Filter>
    </ClCompile>
    <ClCompile Include="src\res\font\special.def.cpp">
      <Filter>Source Files</Filter>
    </ClCompile>
    <ClCompile Include="src\res\font\ss10.def.cpp">
      <Filter>Source Files</Filter>
    </ClCompile>
    <ClCompile Include="src\res\font\stmary10.def.cpp">
      <Filter>Source Files</Filter>
    </ClCompile>
    <ClCompile Include="src\res\font\tt10.def.cpp">
      <Filter>Source Files</Filter>
    </ClCompile>
    <ClCompile Include="src\res\parser\font_parser.cpp">
      <Filter>Source Files</Filter>
    </ClCompile>
    <ClCompile Include="src\res\reg\builtin_font_reg.cpp">
      <Filter>Source Files</Filter>
    </ClCompile>
    <ClCompile Include="src\res\reg\builtin_syms_reg.cpp">
      <Filter>Source Files</Filter>
    </ClCompile>
    <ClCompile Include="src\res\sym\amsfonts.def.cpp">
      <Filter>Source Files</Filter>
    </ClCompile>
    <ClCompile Include="src\res\sym\amssymb.def.cpp">
      <Filter>Source Files</Filter>
    </ClCompile>
    <ClCompile Include="src\res\sym\base.def.cpp">
      <Filter>Source Files</Filter>
    </ClCompile>
    <ClCompile Include="src\res\sym\stmaryrd.def.cpp">
      <Filter>Source Files</Filter>
    </ClCompile>
    <ClCompile Include="src\res\sym\symspecial.def.cpp">
      <Filter>Source Files</Filter>
    </ClCompile>
    <ClCompile Include="src\utils\string_utils.cpp">
      <Filter>Source Files</Filter>
    </ClCompile>
    <ClCompile Include="src\utils\utf.cpp">
      <Filter>Source Files</Filter>
    </ClCompile>
    <ClCompile Include="src\utils\utils.cpp">
      <Filter>Source Files</Filter>
    </ClCompile>
    <ClCompile Include="src\latex.cpp">
      <Filter>Source Files</Filter>
    </ClCompile>
    <ClCompile Include="src\render.cpp">
      <Filter>Source Files</Filter>
    </ClCompile>
    <ClCompile Include="src\res\parser\formula_parser.cpp">
      <Filter>Source Files</Filter>
    </ClCompile>
    <ClCompile Include="src\core\formula.cpp">
      <Filter>Source Files</Filter>
    </ClCompile>
    <ClCompile Include="src\atom\atom_char.cpp">
      <Filter>Source Files</Filter>
    </ClCompile>
    <ClCompile Include="src\atom\atom_basic.cpp">
      <Filter>Source Files</Filter>
    </ClCompile>
    <ClCompile Include="src\tinyxml2.cpp">
      <Filter>Source Files</Filter>
    </ClCompile>
    <ClCompile Include="src\platform\imgui\graphic_imgui.cpp">
      <Filter>Source Files</Filter>
    </ClCompile>
  </ItemGroup>
</Project>